# This file is autogenerated, do not edit; changes may be undone by the next 'dep ensure'.


[[projects]]
  digest = "1:0a111edd8693fd977f42a0c4f199a0efb13c20aec9da99ad8830c7bb6a87e8d6"
  name = "github.com/PuerkitoBio/purell"
  packages = ["."]
  pruneopts = "NT"
  revision = "44968752391892e1b0d0b821ee79e9a85fa13049"
  version = "v1.1.1"

[[projects]]
  branch = "master"
  digest = "1:8098cd40cd09879efbf12e33bcd51ead4a66006ac802cd563a66c4f3373b9727"
  name = "github.com/PuerkitoBio/urlesc"
  packages = ["."]
  pruneopts = "NT"
  revision = "de5bf2ad457846296e2031421a34e2568e304e35"

[[projects]]
  digest = "1:c819830f4f5ef85874a90ac3cbcc96cd322c715f5c96fbe4722eacd3dafbaa07"
  name = "github.com/beorn7/perks"
  packages = ["quantile"]
  pruneopts = "NT"
  revision = "37c8de3658fcb183f997c4e13e8337516ab753e6"
  version = "v1.0.1"

[[projects]]
  digest = "1:221a3d12fab137988ce057aabf120f77bc90e6e6a3ae6e5805f8be4534bd8024"
  name = "github.com/coreos/prometheus-operator"
  packages = [
    "pkg/apis/monitoring",
    "pkg/apis/monitoring/v1",
    "pkg/client/versioned/scheme",
    "pkg/client/versioned/typed/monitoring/v1",
  ]
  pruneopts = "NT"
  revision = "8d44e0990230144177f97cf62ae4f43b1c4e3168"
  version = "v0.34.0"

[[projects]]
  digest = "1:4b8b5811da6970495e04d1f4e98bb89518cc3cfc3b3f456bdb876ed7b6c74049"
  name = "github.com/davecgh/go-spew"
  packages = ["spew"]
  pruneopts = "NT"
  revision = "8991bc29aa16c548c550c7ff78260e27b9ab7c73"
  version = "v1.1.1"

[[projects]]
  digest = "1:0fa622e31f2b737c28b6420523156f0d9930429ac8d0f19d211739a27ae93d60"
  name = "github.com/emicklei/go-restful"
  packages = [
    ".",
    "log",
  ]
  pruneopts = "NT"
  revision = "7c2556bbbff7dc38dc0673ce61902903671c0b55"
  version = "v2.12.0"

[[projects]]
  digest = "1:216a3c4863ae7b4065aea3731084ff0c65fb2839dd1393ff3886b15544f2cbaa"
  name = "github.com/evanphx/json-patch"
  packages = ["."]
  pruneopts = "NT"
  revision = "78cf029964937ffcb67feaeac1fe23d9cef0d26a"
  version = "v5.0.0"

[[projects]]
  digest = "1:0914bf7efc3e3052163e92b859a89f3b407ad353d7c3b7f59a1bbb4fd05bb25d"
  name = "github.com/fsnotify/fsnotify"
  packages = ["."]
  pruneopts = "NT"
  revision = "45d7d09e39ef4ac08d493309fa031790c15bfe8a"
  version = "v1.4.9"

[[projects]]
  digest = "1:bbe5f083ae0d8210f1f9c94a872713b3221b2b5aecf01a94e06b0c47d2848000"
  name = "github.com/go-cmd/cmd"
  packages = ["."]
  pruneopts = "NT"
  revision = "1e96b7e6077121c2457364b0e0ab14220a68b56c"
  version = "v1.1.0"

[[projects]]
  digest = "1:d421af4c4fe51d399667d573982d663fe1fa67020a88d3ae43466ebfe8e2b5c9"
  name = "github.com/go-logr/logr"
  packages = ["."]
  pruneopts = "NT"
  revision = "9fb12b3b21c5415d16ac18dc5cd42c1cfdd40c4e"
  version = "v0.1.0"

[[projects]]
  digest = "1:340497a512995aa69c0add901d79a2096b3449d35a44a6f1f1115091a9f8c687"
  name = "github.com/go-logr/zapr"
  packages = ["."]
  pruneopts = "NT"
  revision = "03f06a783fbb7dfaf3f629c7825480e43a7105e6"
  version = "v0.1.1"

[[projects]]
  digest = "1:3758c86e787dfe5792a23430f34636106a16da914446724399c9c12f121a225d"
  name = "github.com/go-openapi/jsonpointer"
  packages = ["."]
  pruneopts = "NT"
  revision = "ed123515f087412cd7ef02e49b0b0a5e6a79a360"
  version = "v0.19.3"

[[projects]]
  digest = "1:98abd61947ff5c7c6fcfec5473d02a4821ed3a2dd99a4fbfdb7925b0dd745546"
  name = "github.com/go-openapi/jsonreference"
  packages = ["."]
  pruneopts = "NT"
  revision = "82f31475a8f7a12bc26962f6e26ceade8ea6f66a"
  version = "v0.19.3"

[[projects]]
  digest = "1:f2b0d8f80e685a259d98ac64994d3d4a6b9b858c4c76fee0ab8cac1b7b78923a"
  name = "github.com/go-openapi/spec"
  packages = ["."]
  pruneopts = "NT"
  revision = "1a91a85df30408d932152159dc7aac569a39cac9"
  version = "v0.19.8"

[[projects]]
  digest = "1:b8bae5ae3c3ccc79b8af1cf6658aa8255711b7eb4eabfb3a3ac785129a372b0c"
  name = "github.com/go-openapi/swag"
  packages = ["."]
  pruneopts = "NT"
  revision = "ab98f8e6456407f6afd63e441c5304d6ef60cb7f"
  version = "v0.19.9"

[[projects]]
  digest = "1:c3050a9f4b141fcc3ef805c8b3e8e8242676557755ffb9d2707c26530cd71c9d"
  name = "github.com/gogo/protobuf"
  packages = [
    "gogoproto",
    "jsonpb",
    "proto",
    "protoc-gen-gogo/descriptor",
    "sortkeys",
    "types",
  ]
  pruneopts = "NT"
  revision = "5628607bb4c51c3157aacc3a50f0ab707582b805"
  version = "v1.3.1"

[[projects]]
  branch = "master"
  digest = "1:b9ec7856b85b73ced9a334240ebb00813c710e59cc985decaf0d9833ac78a3e6"
  name = "github.com/golang/groupcache"
  packages = ["lru"]
  pruneopts = "NT"
  revision = "8c9f03a8e57eb486e42badaed3fb287da51807ba"

[[projects]]
  digest = "1:418ffc8cd4ccffc66e35a0da678aee33225c5ddf9960eaa7816dca985962d79d"
  name = "github.com/golang/protobuf"
  packages = [
    "proto",
    "ptypes",
    "ptypes/any",
    "ptypes/duration",
    "ptypes/timestamp",
  ]
  pruneopts = "NT"
  revision = "6c66de79d66478d166c7ea05f5d2ccaf016fbd6b"
  version = "v1.4.1"

[[projects]]
  digest = "1:e00bcdc04348236e3cc33317fe91a85d8b22c3519c703599f8e769802b08c81d"
  name = "github.com/google/go-cmp"
  packages = [
    "cmp",
    "cmp/internal/diff",
    "cmp/internal/flags",
    "cmp/internal/function",
    "cmp/internal/value",
  ]
  pruneopts = "NT"
  revision = "5a6f75716e1203a923a78c9efb94089d857df0f6"
  version = "v0.4.0"

[[projects]]
  digest = "1:79a5218f84d577929b9fcd36ad0980e3a00967c32a56bc618a6262c1e7d9284d"
  name = "github.com/google/go-github"
  packages = ["github"]
  pruneopts = "NT"
  revision = "e0066688b631702f66e0435ee1633f9d0091e4b9"
  version = "v31.0.0"

[[projects]]
  digest = "1:a63cff6b5d8b95638bfe300385d93b2a6d9d687734b863da8e09dc834510a690"
  name = "github.com/google/go-querystring"
  packages = ["query"]
  pruneopts = "NT"
  revision = "44c6ddd0a2342c386950e880b658017258da92fc"
  version = "v1.0.0"

[[projects]]
  digest = "1:3ec6c8e4b700377066dbb5ab3155c55f97109ab6147fee9423a68506d79bbafa"
  name = "github.com/google/gofuzz"
  packages = ["."]
  pruneopts = "NT"
  revision = "db92cf7ae75e4a7a28abc005addab2b394362888"
  version = "v1.1.0"

[[projects]]
  branch = "master"
  digest = "1:c54b2df9eb45e238bca9d7f0e1a4acc90a2e6284e8d31c0df3ec72886ec53406"
  name = "github.com/google/shlex"
  packages = ["."]
  pruneopts = "NT"
  revision = "e7afc7fbc51079733e9468cdfd1efcd7d196cd1d"

[[projects]]
  digest = "1:ab3ec1fe3e39bac4b3ab63390767766622be35b7cab03f47f787f9ec60522a53"
  name = "github.com/google/uuid"
  packages = ["."]
  pruneopts = "NT"
  revision = "0cd6bf5da1e1c83f8b45653022c74f71af0538a4"
  version = "v1.1.1"

[[projects]]
  digest = "1:4ebda9fda8045f72f74384a9da46639fbee37a6a3cf57fb6ad7070d4b78b6920"
  name = "github.com/googleapis/gnostic"
  packages = [
    "OpenAPIv2",
    "compiler",
    "extensions",
  ]
  pruneopts = "NT"
  revision = "99384834bf8c58ce7ab88db353283bedcb53e1ca"
  version = "v0.4.0"

[[projects]]
  digest = "1:7313d6b9095eb86581402557bbf3871620cf82adf41853c5b9bee04b894290c7"
  name = "github.com/h2non/parth"
  packages = ["."]
  pruneopts = "NT"
  revision = "b4df798d65426f8c8ab5ca5f9987aec5575d26c9"
  version = "v2.0.1"

[[projects]]
  digest = "1:f0d9d74edbd40fdeada436d5ac9cb5197407899af3fef85ff0137077ffe8ae19"
  name = "github.com/hashicorp/errwrap"
  packages = ["."]
  pruneopts = "NT"
  revision = "8a6fb523712970c966eefc6b39ed2c5e74880354"
  version = "v1.0.0"

[[projects]]
  digest = "1:1e7412788dc5a699a81333203f09fcab7fb7b29d1b2b9f43b8cd8162b64ec7d0"
  name = "github.com/hashicorp/go-multierror"
  packages = ["."]
  pruneopts = "NT"
  revision = "2004d9dba6b07a5b8d133209244f376680f9d472"
  version = "v1.1.0"

[[projects]]
  digest = "1:9676627451831e0d8e347007d871eac494ce51d55b95a3fe1fac30ad8d717ab9"
  name = "github.com/hashicorp/golang-lru"
  packages = [
    ".",
    "simplelru",
  ]
  pruneopts = "NT"
  revision = "14eae340515388ca95aa8e7b86f0de668e981f54"
  version = "v0.5.4"

[[projects]]
  digest = "1:62ba88d64dabadbbad170cf6b0d3bfd1f50c36b1566583a28d99304eb08a9bd2"
  name = "github.com/hashicorp/hcl"
  packages = [
    ".",
    "hcl/ast",
    "hcl/parser",
    "hcl/printer",
    "hcl/scanner",
    "hcl/strconv",
    "hcl/token",
    "json/parser",
    "json/scanner",
    "json/token",
  ]
  pruneopts = "NT"
  revision = "8cb6e5b959231cc1119e43259c4a608f9c51a241"
  version = "v1.0.0"

[[projects]]
  digest = "1:b391e0e88682b33e62e6bcb005a4cfdebe9a14969dab6ebc5e7e4c166986e427"
  name = "github.com/imdario/mergo"
  packages = ["."]
  pruneopts = "NT"
  revision = "66f88b4ae75f5edcc556623b96ff32c06360fbb7"
  version = "v0.3.9"

[[projects]]
  digest = "1:406338ad39ab2e37b7f4452906442a3dbf0eb3379dd1f06aafb5c07e769a5fbb"
  name = "github.com/inconshreveable/mousetrap"
  packages = ["."]
  pruneopts = "NT"
  revision = "76626ae9c91c4f2a10f34cad8ce83ea42c93bb75"
  version = "v1.0"

[[projects]]
  digest = "1:f5b9328966ccea0970b1d15075698eff0ddb3e75889560aad2e9f76b289b536a"
  name = "github.com/joho/godotenv"
  packages = ["."]
  pruneopts = "NT"
  revision = "23d116af351c84513e1946b527c88823e476be13"
  version = "v1.3.0"

[[projects]]
  digest = "1:5e349fd839ecbd417975da64c8b69764d78859c5cf9817460b4fb763852eb44e"
  name = "github.com/json-iterator/go"
  packages = ["."]
  pruneopts = "NT"
  revision = "acfec88f7a0d5140ace3dcdbee10184e3684a9e1"
  version = "v1.1.9"

[[projects]]
  digest = "1:fecb18d8d2d2b9964ea3ac289f05e86615e2f90842063d4871e9d87049b61ffa"
  name = "github.com/magiconair/properties"
  packages = ["."]
  pruneopts = "NT"
  revision = "de8848e004dd33dc07a2947b3d76f618a7fc7ef1"
  version = "v1.8.1"

[[projects]]
  digest = "1:ff4217ea2d8eda002341ab1ec43c137a789399b6a30aaabbaef59464e09bedfd"
  name = "github.com/mailru/easyjson"
  packages = [
    "buffer",
    "jlexer",
    "jwriter",
  ]
  pruneopts = "NT"
  revision = "8edcc4e51f39ddbd3505a3386aff3f435a7fd028"
  version = "v0.7.1"

[[projects]]
  digest = "1:ea1db000388d88b31db7531c83016bef0d6db0d908a07794bfc36aca16fbf935"
  name = "github.com/matttproud/golang_protobuf_extensions"
  packages = ["pbutil"]
  pruneopts = "NT"
  revision = "c12348ce28de40eed0136aa2b644d0ee0650e56c"
  version = "v1.0.1"

[[projects]]
  digest = "1:a25a617db6fea065cae4da6f0fb25cbc3d21796c28f0b2bbc9d2713ec717191b"
  name = "github.com/mitchellh/mapstructure"
  packages = ["."]
  pruneopts = "NT"
  revision = "916b5f23bc2f603eb9012f48efd9e38287e71ed5"
  version = "v1.3.0"

[[projects]]
  digest = "1:2f42fa12d6911c7b7659738758631bec870b7e9b4c6be5444f963cdcfccc191f"
  name = "github.com/modern-go/concurrent"
  packages = ["."]
  pruneopts = "NT"
  revision = "bacd9c7ef1dd9b15be4a9909b8ac7a4e313eec94"
  version = "1.0.3"

[[projects]]
  digest = "1:c6aca19413b13dc59c220ad7430329e2ec454cc310bc6d8de2c7e2b93c18a0f6"
  name = "github.com/modern-go/reflect2"
  packages = ["."]
  pruneopts = "NT"
  revision = "4b7aa43c6742a2c18fdef89dd197aaae7dac7ccd"
  version = "1.0.1"

[[projects]]
  digest = "1:9d49100458068e59bfff1cee76dca3c04a146f9343a01001a8c4996d42cec058"
  name = "github.com/nxadm/tail"
  packages = [
    ".",
    "ratelimiter",
    "util",
    "watch",
    "winfile",
  ]
  pruneopts = "NT"
  revision = "327c577245448d8192115e77a76ea3d6aee88202"
  version = "v1.4.4"

[[projects]]
  digest = "1:4b506e88ed1b1f59db806f249d8bb08f46232054f5a943a2166b3c96fea21f8a"
  name = "github.com/onsi/ginkgo"
  packages = [
    ".",
    "config",
    "internal/codelocation",
    "internal/containernode",
    "internal/failer",
    "internal/global",
    "internal/leafnodes",
    "internal/remote",
    "internal/spec",
    "internal/spec_iterator",
    "internal/specrunner",
    "internal/suite",
    "internal/testingtproxy",
    "internal/writer",
    "reporters",
    "reporters/stenographer",
    "reporters/stenographer/support/go-colorable",
    "reporters/stenographer/support/go-isatty",
    "types",
  ]
  pruneopts = "NT"
  revision = "9bef594084d663dc2c58c2874b5d2edf06071744"
  version = "v1.12.3"

[[projects]]
  digest = "1:a98198297dbd968de81ae500d8c3f5adf4724fe36ab8a4db6e1886cee5c5f747"
  name = "github.com/onsi/gomega"
  packages = [
    ".",
    "format",
    "gbytes",
    "gexec",
    "internal/assertion",
    "internal/asyncassertion",
    "internal/oraclematcher",
    "internal/testingtsupport",
    "matchers",
    "matchers/support/goraph/bipartitegraph",
    "matchers/support/goraph/edge",
    "matchers/support/goraph/node",
    "matchers/support/goraph/util",
    "types",
  ]
  pruneopts = "NT"
  revision = "1a3d249459a44387a05ca2d2c2b3d5f3db596dcb"
  version = "v1.10.0"

[[projects]]
  branch = "release-4.3"
  digest = "1:a74392532481eaafae4cb36ffffb1d498e412b35885eacf66148d8946816d27a"
  name = "github.com/openshift/api"
  packages = [
    "apps/v1",
    "pkg/serialization",
    "template/v1",
  ]
  pruneopts = "NT"
  revision = "a843dc3262a0cdc5fe6c20620f3e47f5f905efd1"

[[projects]]
  digest = "1:99106d2db6cee9b07efdc50e30972c2d6290c5ac13278fb7f6cdb4da52ea1014"
  name = "github.com/operator-framework/operator-sdk"
  packages = [
    "pkg/k8sutil",
    "pkg/leader",
    "pkg/metrics",
    "pkg/predicate",
    "version",
  ]
  pruneopts = "NT"
  revision = "6d108056f39fa19546cf9235fad6e84b0683114a"
  version = "v0.17.1"

[[projects]]
  digest = "1:9ba9ec3ae4fb9288ecf4b8de4c3c6b1666c5d8b0406e0e7987f8db5cf5f8a6cc"
  name = "github.com/pelletier/go-toml"
  packages = ["."]
  pruneopts = "NT"
  revision = "8e8d2a6aad23fcaa64716c5fa6975ec3abbf8281"
  version = "v1.7.0"

[[projects]]
  digest = "1:4047c378584616813d610c9f993bf90dd0d07aed8d94bd3bc299cd35ececdcba"
  name = "github.com/pkg/errors"
  packages = ["."]
  pruneopts = "NT"
  revision = "614d223910a179a466c1767a985424175c39b465"
  version = "v0.9.1"

[[projects]]
  digest = "1:ac48997e3abc92d938efd4bc22dd38762ddd2a639e99f57c9eee989f435014cc"
  name = "github.com/prometheus/client_golang"
  packages = [
    "prometheus",
    "prometheus/internal",
    "prometheus/promhttp",
  ]
  pruneopts = "NT"
  revision = "170205fb58decfd011f1550d4cfb737230d7ae4f"
  version = "v1.1.0"

[[projects]]
  digest = "1:0db23933b8052702d980a3f029149b3f175f7c0eea0cff85b175017d0f2722c0"
  name = "github.com/prometheus/client_model"
  packages = ["go"]
  pruneopts = "NT"
  revision = "7bc5445566f0fe75b15de23e6b93886e982d7bf9"
  version = "v0.2.0"

[[projects]]
  digest = "1:a8143997d7298ec6e57590a0eb1cdf846700c34149be28ba76cea9b09cde1722"
  name = "github.com/prometheus/common"
  packages = [
    "expfmt",
    "internal/bitbucket.org/ww/goautoneg",
    "model",
  ]
  pruneopts = "NT"
  revision = "d978bcb1309602d68bb4ba69cf3f8ed900e07308"
  version = "v0.9.1"

[[projects]]
  digest = "1:98fbe266d1ef777ff2a742090bac5cdaea13fee8be87c64a8a975101975232f4"
  name = "github.com/prometheus/procfs"
  packages = [
    ".",
    "internal/fs",
    "internal/util",
  ]
  pruneopts = "NT"
  revision = "46159f73e74d1cb8dc223deef9b2d049286f46b1"
  version = "v0.0.11"

[[projects]]
  branch = "master"
  digest = "1:460228dd728b9c7f41827af94ada4412830c6a69964aa460009be8d3eb2daaca"
  name = "github.com/sabhiram/go-gitignore"
  packages = ["."]
  pruneopts = "NT"
  revision = "d3107576ba9425fc1c85f4b3569c4631b805a02e"

[[projects]]
  digest = "1:49b6e0d199dc20969bf7c9d14647313e1dd1b102178fad4ca999d8a9584edfab"
  name = "github.com/spf13/afero"
  packages = [
    ".",
    "mem",
  ]
  pruneopts = "NT"
  revision = "588a75ec4f32903aa5e39a2619ba6a4631e28424"
  version = "v1.2.2"

[[projects]]
  digest = "1:58dae2a64f88329debe1daed979ccd2fd9b5a1b4b1867c2bc7ed96acb0ff00d0"
  name = "github.com/spf13/cast"
  packages = ["."]
  pruneopts = "NT"
  revision = "1ffadf551085444af981432dd0f6d1160c11ec64"
  version = "v1.3.1"

[[projects]]
  digest = "1:d105933470ed07670db7a11c85335966acd4c04f1314ab501efea697a666d144"
  name = "github.com/spf13/cobra"
  packages = ["."]
  pruneopts = "NT"
  revision = "a684a6d7f5e37385d954dd3b5a14fc6912c6ab9d"
  version = "v1.0.0"

[[projects]]
  digest = "1:3d72352adb74e79d6d5a43d6f51bfd2d0bd0c9b5f3c00cf5a4b1636d8d3b9d92"
  name = "github.com/spf13/jwalterweatherman"
  packages = ["."]
  pruneopts = "NT"
  revision = "94f6ae3ed3bceceafa716478c5fbf8d29ca601a1"
  version = "v1.1.0"

[[projects]]
  digest = "1:d115708a27806831d1babbc6f28a7478ddf8e32a7095507c816e2515fb03a810"
  name = "github.com/spf13/pflag"
  packages = ["."]
  pruneopts = "NT"
  revision = "2e9d26c8c37aae03e3f9d4e90b7116f5accb7cab"
  version = "v1.0.5"

[[projects]]
  digest = "1:169d517ea737d48a105918c46f88e4e171d777dcb33a15f92d74d15bf6a8edf2"
  name = "github.com/spf13/viper"
  packages = ["."]
  pruneopts = "NT"
  revision = "13df72109047b6ae9c907bce81e327265d6d8a9c"
  version = "v1.7.0"

[[projects]]
  digest = "1:f60e4a8af6b6f3940cbdd28b1262221d28b4eb4d31b87bdb7b219f5fc0f278bf"
  name = "github.com/subosito/gotenv"
  packages = ["."]
  pruneopts = "NT"
  revision = "2ef7124db659d49edac6aa459693a15ae36c671a"
  version = "v1.2.0"

[[projects]]
  digest = "1:387e3591a94a62e79188ed69f021f947dff5814d2d25515f0fd03798a2be0dad"
  name = "go.uber.org/atomic"
  packages = ["."]
  pruneopts = "NT"
  revision = "845920076a298bdb984fb0f1b86052e4ca0a281c"
  version = "v1.6.0"

[[projects]]
  branch = "master"
  digest = "1:55c4954e067ee3af105f3aa1eff58609d2731ed336d6b8f0a67691d52b2e16d5"
  name = "go.uber.org/goleak"
  packages = [
    ".",
    "internal/stack",
  ]
  pruneopts = "NT"
  revision = "4eaa85786836010ae0ce079fa5a4d45cb737f146"

[[projects]]
  digest = "1:6c5dc8e692b52738b7f672b08660cf081460ac04487c0fe4ae4fe3acd1acc8fd"
  name = "go.uber.org/multierr"
  packages = ["."]
  pruneopts = "NT"
  revision = "b587143a48b62b01d337824eab43700af6ffe222"
  version = "v1.5.0"

[[projects]]
  digest = "1:24a9f87c41a8f360da36dee81d3147d2b35ede880c49ba0ef64879c975ecc7f5"
  name = "go.uber.org/zap"
  packages = [
    ".",
    "buffer",
    "internal/bufferpool",
    "internal/color",
    "internal/exit",
    "zapcore",
  ]
  pruneopts = "NT"
  revision = "feeb9a050b31b40eec6f2470e7599eeeadfe5bdd"
  version = "v1.15.0"

[[projects]]
  branch = "master"
  digest = "1:b61f47a25323b76f0e28bf052bb8bf73ba6c9352e279490d23478b0e25d7cbfa"
  name = "golang.org/x/crypto"
  packages = [
    "cast5",
    "openpgp",
    "openpgp/armor",
    "openpgp/elgamal",
    "openpgp/errors",
    "openpgp/packet",
    "openpgp/s2k",
    "ssh/terminal",
  ]
  pruneopts = "NT"
  revision = "06a226fb4e3765ef3f48aa2852b401bc7b98e981"

[[projects]]
  branch = "master"
  digest = "1:a6f90342617aea2c27659663e7d0afd570a844ff8e5066ffd66b943378e972b6"
  name = "golang.org/x/lint"
  packages = [
    ".",
    "golint",
  ]
  pruneopts = "NT"
  revision = "738671d3881b9731cc63024d5d88cf28db875626"

[[projects]]
  digest = "1:a5c2b03283142bc040b4191f988292282338087378bed6cc066e4b38bd1d055d"
  name = "golang.org/x/mod"
  packages = [
    "module",
    "semver",
  ]
  pruneopts = "NT"
  revision = "ed3ec21bb8e252814c380df79a80f366440ddb2d"
  version = "v0.2.0"

[[projects]]
  branch = "master"
  digest = "1:0eada537ddc2d68d811e6e02d8ae13a58dc54cb943042eadcbce5b1a082c6331"
  name = "golang.org/x/net"
  packages = [
    "context",
    "context/ctxhttp",
    "html",
    "html/atom",
    "html/charset",
    "http/httpguts",
    "http2",
    "http2/hpack",
    "idna",
    "internal/timeseries",
    "trace",
  ]
  pruneopts = "NT"
  revision = "7e3656a0809f6f95abd88ac65313578f80b00df2"

[[projects]]
  branch = "master"
  digest = "1:332075dc741b89b2957b5eb0fec28cf2b681d46ad04c07bb56187c98b737779f"
  name = "golang.org/x/oauth2"
  packages = [
    ".",
    "internal",
  ]
  pruneopts = "NT"
  revision = "bf48bf16ab8d622ce64ec6ce98d2c98f916b6303"

[[projects]]
  branch = "master"
  digest = "1:b6b933c0c51d2e4a3c907a20bcfb921abc21050ae5db0aeaf69403b1bd2fbae2"
  name = "golang.org/x/sys"
  packages = [
    "internal/unsafeheader",
    "unix",
    "windows",
  ]
  pruneopts = "NT"
  revision = "417ce2331b5c91eea36730d3e1739adb75193be2"

[[projects]]
  digest = "1:348fa8283a7c60b5b71ce04d27b37f7c0fce552d4d0b463b5b3ebbd1840d3f1a"
  name = "golang.org/x/text"
  packages = [
    "collate",
    "collate/build",
    "encoding",
    "encoding/charmap",
    "encoding/htmlindex",
    "encoding/internal",
    "encoding/internal/identifier",
    "encoding/japanese",
    "encoding/korean",
    "encoding/simplifiedchinese",
    "encoding/traditionalchinese",
    "encoding/unicode",
    "internal/colltab",
    "internal/gen",
    "internal/language",
    "internal/language/compact",
    "internal/tag",
    "internal/triegen",
    "internal/ucd",
    "internal/utf8internal",
    "language",
    "runes",
    "secure/bidirule",
    "transform",
    "unicode/bidi",
    "unicode/cldr",
    "unicode/norm",
    "unicode/rangetable",
    "width",
  ]
  pruneopts = "NT"
  revision = "342b2e1fbaa52c93f31447ad2c6abc048c63e475"
  version = "v0.3.2"

[[projects]]
  branch = "master"
  digest = "1:908ad1a739c1afa54078eec5dc8a56b8ed01c0576b52ca61600471682fce4c33"
  name = "golang.org/x/time"
  packages = ["rate"]
  pruneopts = "NT"
  revision = "89c76fbcd5d1cd4969e5d2fe19d48b19d5ad94a0"

[[projects]]
  branch = "master"
  digest = "1:4388cae965aaac2b4e446763358ad8fa9c63ae4db3efe1c858492669d1423738"
  name = "golang.org/x/tools"
  packages = [
    "go/ast/astutil",
    "go/gcexportdata",
    "go/internal/gcimporter",
    "go/types/typeutil",
    "imports",
    "internal/event",
    "internal/event/core",
    "internal/event/keys",
    "internal/event/label",
    "internal/fastwalk",
    "internal/gocommand",
    "internal/gopathwalk",
    "internal/imports",
  ]
  pruneopts = "NT"
  revision = "866d71a3170affc60e418864a5ae1f850be8161c"

[[projects]]
  branch = "master"
  digest = "1:325a1b73817aa79fc85f10376ed41ea607f7dd7f6c6bfa46df6a28ef2857941f"
  name = "golang.org/x/xerrors"
  packages = [
    ".",
    "internal",
  ]
  pruneopts = "NT"
  revision = "9bdfabe68543c54f90421aeb9a60ef8061b5b544"

[[projects]]
  digest = "1:79c5b7c79609e7e2d0c5a6509cc5894bb8ee9c2ca6e741214f8aa4317beeea59"
  name = "gomodules.xyz/jsonpatch"
  packages = ["v2"]
  pruneopts = "NT"
  revision = "1c2a0262323edc27502942d9727c95646b1c3cbe"
  version = "v2.1.0"

[[projects]]
  digest = "1:6bd7c8c1342a2385091fef2b18a70fd0c52dfe0dd507160eb99ad2af090c4e77"
  name = "google.golang.org/appengine"
  packages = [
    "internal",
    "internal/base",
    "internal/datastore",
    "internal/log",
    "internal/remote_api",
    "internal/urlfetch",
    "urlfetch",
  ]
  pruneopts = "NT"
  revision = "553959209a20f3be281c16dd5be5c740a893978f"
  version = "v1.6.6"

[[projects]]
  branch = "master"
  digest = "1:8b8413383e253bc6005ddd77f4a125bc4cbe12058d00516304620f1f16eb4ec9"
  name = "google.golang.org/genproto"
  packages = ["googleapis/rpc/status"]
  pruneopts = "NT"
  revision = "09dca8ec288408e2ff58c1178674d147d68709da"

[[projects]]
  digest = "1:4a682b0f4a02e4d1942e116cca469f7bd012386d4d4f6417d9de26f4e6fcd1c4"
  name = "google.golang.org/grpc"
  packages = [
    ".",
    "attributes",
    "backoff",
    "balancer",
    "balancer/base",
    "balancer/roundrobin",
    "binarylog/grpc_binarylog_v1",
    "codes",
    "connectivity",
    "credentials",
    "credentials/internal",
    "encoding",
    "encoding/proto",
    "grpclog",
    "internal",
    "internal/backoff",
    "internal/balancerload",
    "internal/binarylog",
    "internal/buffer",
    "internal/channelz",
    "internal/envconfig",
    "internal/grpclog",
    "internal/grpcrand",
    "internal/grpcsync",
    "internal/grpcutil",
    "internal/resolver/dns",
    "internal/resolver/passthrough",
    "internal/status",
    "internal/syscall",
    "internal/transport",
    "keepalive",
    "metadata",
    "naming",
    "peer",
    "resolver",
    "serviceconfig",
    "stats",
    "status",
    "tap",
  ]
  pruneopts = "NT"
  revision = "754ee590a4f386d0910d887f3b8776354042260b"
  version = "v1.29.1"

[[projects]]
  digest = "1:9f2c2cb24fda8f384f409e274cf875c8f2d53481748b2afcc10d1fe00451a16d"
  name = "google.golang.org/protobuf"
  packages = [
    "encoding/prototext",
    "encoding/protowire",
    "internal/descfmt",
    "internal/descopts",
    "internal/detrand",
    "internal/encoding/defval",
    "internal/encoding/messageset",
    "internal/encoding/tag",
    "internal/encoding/text",
    "internal/errors",
    "internal/fieldnum",
    "internal/fieldsort",
    "internal/filedesc",
    "internal/filetype",
    "internal/flags",
    "internal/genname",
    "internal/impl",
    "internal/mapsort",
    "internal/pragma",
    "internal/set",
    "internal/strs",
    "internal/version",
    "proto",
    "reflect/protoreflect",
    "reflect/protoregistry",
    "runtime/protoiface",
    "runtime/protoimpl",
    "types/known/anypb",
    "types/known/durationpb",
    "types/known/timestamppb",
  ]
  pruneopts = "NT"
  revision = "8b0d71ac935315b10385aaaf30175de0c74bbba6"
  version = "v1.22.0"

[[projects]]
  digest = "1:0914bf7efc3e3052163e92b859a89f3b407ad353d7c3b7f59a1bbb4fd05bb25d"
  name = "gopkg.in/fsnotify.v1"
  packages = ["."]
  pruneopts = "NT"
  revision = "45d7d09e39ef4ac08d493309fa031790c15bfe8a"
  source = "https://github.com/fsnotify/fsnotify.git"
  version = "v1.4.9"

[[projects]]
  digest = "1:721323966f12bfa5186e02ad807424f78a28b04606970105dbf6a5e9b62205e7"
  name = "gopkg.in/h2non/gock.v1"
  packages = ["."]
  pruneopts = "NT"
  revision = "3ffff9b1aa8200275a5eb219c5f9c62bd27acb31"
  version = "v1.0.15"

[[projects]]
  digest = "1:2d1fbdc6777e5408cabeb02bf336305e724b925ff4546ded0fa8715a7267922a"
  name = "gopkg.in/inf.v0"
  packages = ["."]
  pruneopts = "NT"
  revision = "d2d2541c53f18d2a059457998ce2876cc8e67cbf"
  version = "v0.9.1"

[[projects]]
  digest = "1:8cd44e56c89fe1f30f9d2f4bef809f25eb673a5529c6f44075718b9b4c5318fa"
  name = "gopkg.in/ini.v1"
  packages = ["."]
  pruneopts = "NT"
  revision = "ad8a10643d24d67f464955e42b23e0d42d60fcb4"
  version = "v1.56.0"

[[projects]]
  branch = "v1"
  digest = "1:8fb1ccb16a6cfecbfdfeb84d8ea1cc7afa8f9ef16526bc2326f72d993e32cef1"
  name = "gopkg.in/tomb.v1"
  packages = ["."]
  pruneopts = "NT"
  revision = "dd632973f1e7218eb1089048e0798ec9ae7dceb8"

[[projects]]
  digest = "1:62a89978829993fb84e755bff5ae0e3d84837228898fd55b1a88a885036e1e51"
  name = "gopkg.in/yaml.v2"
  packages = ["."]
  pruneopts = "NT"
  revision = "0b1645d91e851e735d3e23330303ce81f70adbe3"
  version = "v2.3.0"

[[projects]]
  branch = "release-1.4"
  digest = "1:558f8569521ea7fdc55109395d79a02e4e7a886125a45898de3e7fc5ec35c70c"
  name = "istio.io/api"
  packages = ["networking/v1alpha3"]
  pruneopts = "NT"
  revision = "ed4b507c54e129239375e3521f233aaa397d23b7"

[[projects]]
  branch = "release-1.4"
  digest = "1:c2161a9e513fc2edcf75b6d3961f7bd3870e0d491ed17f41ae658ce262a02484"
  name = "istio.io/client-go"
  packages = ["pkg/apis/networking/v1alpha3"]
  pruneopts = "NT"
  revision = "9053b0f86b0359b7e66293eb6098cc551aec6f69"

[[projects]]
  digest = "1:6f91da5c96bcfaa89a13014b14907f0f28f8e48317f1122b90dda61d0bcc734a"
  name = "istio.io/gogo-genproto"
  packages = ["googleapis/google/api"]
  pruneopts = "NT"
  revision = "d3e214cd829acb60b7be007b636f0c7eb023d0a1"
  version = "1.5.4"

[[projects]]
  digest = "1:e6dbaffcc5407ea1fa7633f6ccb7e53ff3952eed041e9cbe4f97c9af87913ef1"
  name = "k8s.io/api"
  packages = [
    "admission/v1beta1",
    "admissionregistration/v1",
    "admissionregistration/v1beta1",
    "apps/v1",
    "apps/v1beta1",
    "apps/v1beta2",
    "auditregistration/v1alpha1",
    "authentication/v1",
    "authentication/v1beta1",
    "authorization/v1",
    "authorization/v1beta1",
    "autoscaling/v1",
    "autoscaling/v2beta1",
    "autoscaling/v2beta2",
    "batch/v1",
    "batch/v1beta1",
    "batch/v2alpha1",
    "certificates/v1beta1",
    "coordination/v1",
    "coordination/v1beta1",
    "core/v1",
    "discovery/v1alpha1",
    "events/v1beta1",
    "extensions/v1beta1",
    "networking/v1",
    "networking/v1beta1",
    "node/v1alpha1",
    "node/v1beta1",
    "policy/v1beta1",
    "rbac/v1",
    "rbac/v1alpha1",
    "rbac/v1beta1",
    "scheduling/v1",
    "scheduling/v1alpha1",
    "scheduling/v1beta1",
    "settings/v1alpha1",
    "storage/v1",
    "storage/v1alpha1",
    "storage/v1beta1",
  ]
  pruneopts = "NT"
  revision = "95b840bb6a1f5f0462af804c8589396d294d4914"
  version = "kubernetes-1.16.0"

[[projects]]
  digest = "1:142d4ab6e25ace8958cf493f320e81d5108c461f83ecc623be6353d3a7d2dddc"
  name = "k8s.io/apiextensions-apiserver"
  packages = [
    "pkg/apis/apiextensions",
    "pkg/apis/apiextensions/v1beta1",
  ]
  pruneopts = "NT"
  revision = "8f644eb6e783291c4b8cb8cb25a9983be1a74f5c"
  version = "kubernetes-1.16.0"

[[projects]]
  digest = "1:160844ee5d0ce19aa0f2a51019c25c2971f185a4aa190dbd91887d98994e43a7"
  name = "k8s.io/apimachinery"
  packages = [
    "pkg/api/errors",
    "pkg/api/meta",
    "pkg/api/resource",
    "pkg/apis/meta/internalversion",
    "pkg/apis/meta/v1",
    "pkg/apis/meta/v1/unstructured",
    "pkg/apis/meta/v1beta1",
    "pkg/conversion",
    "pkg/conversion/queryparams",
    "pkg/fields",
    "pkg/labels",
    "pkg/runtime",
    "pkg/runtime/schema",
    "pkg/runtime/serializer",
    "pkg/runtime/serializer/json",
    "pkg/runtime/serializer/protobuf",
    "pkg/runtime/serializer/recognizer",
    "pkg/runtime/serializer/streaming",
    "pkg/runtime/serializer/versioning",
    "pkg/selection",
    "pkg/types",
    "pkg/util/cache",
    "pkg/util/clock",
    "pkg/util/diff",
    "pkg/util/errors",
    "pkg/util/framer",
    "pkg/util/intstr",
    "pkg/util/json",
    "pkg/util/mergepatch",
    "pkg/util/naming",
    "pkg/util/net",
    "pkg/util/runtime",
    "pkg/util/sets",
    "pkg/util/strategicpatch",
    "pkg/util/uuid",
    "pkg/util/validation",
    "pkg/util/validation/field",
    "pkg/util/wait",
    "pkg/util/yaml",
    "pkg/version",
    "pkg/watch",
    "third_party/forked/golang/json",
    "third_party/forked/golang/reflect",
  ]
  pruneopts = "NT"
  revision = "27d36303b6556f377b4f34e64705fa9024a12b0c"
  version = "kubernetes-1.16.0"

[[projects]]
  digest = "1:65f86d654fcfcc0ba794c99514724dd1f1b4ea870b0c8e53652ddfa63395dca0"
  name = "k8s.io/client-go"
  packages = [
    "discovery",
    "discovery/fake",
    "dynamic",
    "kubernetes",
    "kubernetes/scheme",
    "kubernetes/typed/admissionregistration/v1",
    "kubernetes/typed/admissionregistration/v1beta1",
    "kubernetes/typed/apps/v1",
    "kubernetes/typed/apps/v1beta1",
    "kubernetes/typed/apps/v1beta2",
    "kubernetes/typed/auditregistration/v1alpha1",
    "kubernetes/typed/authentication/v1",
    "kubernetes/typed/authentication/v1beta1",
    "kubernetes/typed/authorization/v1",
    "kubernetes/typed/authorization/v1beta1",
    "kubernetes/typed/autoscaling/v1",
    "kubernetes/typed/autoscaling/v2beta1",
    "kubernetes/typed/autoscaling/v2beta2",
    "kubernetes/typed/batch/v1",
    "kubernetes/typed/batch/v1beta1",
    "kubernetes/typed/batch/v2alpha1",
    "kubernetes/typed/certificates/v1beta1",
    "kubernetes/typed/coordination/v1",
    "kubernetes/typed/coordination/v1beta1",
    "kubernetes/typed/core/v1",
    "kubernetes/typed/discovery/v1alpha1",
    "kubernetes/typed/events/v1beta1",
    "kubernetes/typed/extensions/v1beta1",
    "kubernetes/typed/networking/v1",
    "kubernetes/typed/networking/v1beta1",
    "kubernetes/typed/node/v1alpha1",
    "kubernetes/typed/node/v1beta1",
    "kubernetes/typed/policy/v1beta1",
    "kubernetes/typed/rbac/v1",
    "kubernetes/typed/rbac/v1alpha1",
    "kubernetes/typed/rbac/v1beta1",
    "kubernetes/typed/scheduling/v1",
    "kubernetes/typed/scheduling/v1alpha1",
    "kubernetes/typed/scheduling/v1beta1",
    "kubernetes/typed/settings/v1alpha1",
    "kubernetes/typed/storage/v1",
    "kubernetes/typed/storage/v1alpha1",
    "kubernetes/typed/storage/v1beta1",
    "pkg/apis/clientauthentication",
    "pkg/apis/clientauthentication/v1alpha1",
    "pkg/apis/clientauthentication/v1beta1",
    "pkg/version",
    "plugin/pkg/client/auth/exec",
    "rest",
    "rest/watch",
    "restmapper",
    "testing",
    "tools/auth",
    "tools/cache",
    "tools/clientcmd",
    "tools/clientcmd/api",
    "tools/clientcmd/api/latest",
    "tools/clientcmd/api/v1",
    "tools/leaderelection",
    "tools/leaderelection/resourcelock",
    "tools/metrics",
    "tools/pager",
    "tools/record",
    "tools/record/util",
    "tools/reference",
    "transport",
    "util/cert",
    "util/connrotation",
    "util/flowcontrol",
    "util/homedir",
    "util/keyutil",
    "util/retry",
    "util/workqueue",
  ]
  pruneopts = "NT"
  revision = "1fbdaa4c8d908275eee958429b1cafc2591a2c5d"
  version = "kubernetes-1.16.0"

[[projects]]
  digest = "1:1b6fd3650ea50bc09ff7174c152175eeb4459d579585163ecae6ff1d82dee3d4"
  name = "k8s.io/code-generator"
  packages = [
    "cmd/client-gen",
    "cmd/client-gen/args",
    "cmd/client-gen/generators",
    "cmd/client-gen/generators/fake",
    "cmd/client-gen/generators/scheme",
    "cmd/client-gen/generators/util",
    "cmd/client-gen/path",
    "cmd/client-gen/types",
    "cmd/conversion-gen",
    "cmd/conversion-gen/args",
    "cmd/conversion-gen/generators",
    "cmd/deepcopy-gen",
    "cmd/deepcopy-gen/args",
    "cmd/defaulter-gen",
    "cmd/defaulter-gen/args",
    "cmd/informer-gen",
    "cmd/informer-gen/args",
    "cmd/informer-gen/generators",
    "cmd/lister-gen",
    "cmd/lister-gen/args",
    "cmd/lister-gen/generators",
    "pkg/namer",
    "pkg/util",
  ]
  pruneopts = "T"
  revision = "cd179ad6a2693011d6f2fa5cd64c6680ee99379f"
  version = "kubernetes-1.16.0"

[[projects]]
  digest = "1:28d3a57f074ea831aca98a8c10528fcbe950a821bb88554b70a161f6bd4b81bd"
  name = "k8s.io/gengo"
  packages = [
    "args",
    "examples/deepcopy-gen/generators",
    "examples/defaulter-gen/generators",
    "examples/set-gen/sets",
    "generator",
    "namer",
    "parser",
    "types",
  ]
  pruneopts = "NT"
  revision = "793b05dca9b871fdc15aeaff1f201e141ef5afa7"

[[projects]]
  digest = "1:dee99028b559518cf785e55fc694d8551e1eb17be43d3f9b1a38855fcfb58558"
  name = "k8s.io/klog"
  packages = ["."]
  pruneopts = "NT"
  revision = "4cae117fdf5d65aeb3f638b8d8c87cd1cf8c8d41"
  version = "v2.0.0"

[[projects]]
  branch = "release-1.16"
  digest = "1:0566e47e3fb5b6e3c7700d70c340150e391cd7ad21dfb800503ad226f443af89"
  name = "k8s.io/kube-openapi"
  packages = [
    "pkg/common",
    "pkg/util/proto",
  ]
  pruneopts = "NT"
  revision = "594e756bea31230c255b8e9009a5562dfeb32cff"

[[projects]]
  digest = "1:b76eeba246bccc2346a460eb286c761678a3e2607f171ef817fe139ef36f5dcd"
  name = "k8s.io/utils"
  packages = [
    "buffer",
    "integer",
    "pointer",
    "trace",
  ]
  pruneopts = "NT"
  revision = "5770800c2500f42361fa90f2d5df947d2c5db138"

[[projects]]
  digest = "1:62b418ddcfcd7c74ee071481125a62131a54634b05a48c58da85e8919aec150c"
  name = "sigs.k8s.io/controller-runtime"
  packages = [
    "pkg/cache",
    "pkg/cache/internal",
    "pkg/client",
    "pkg/client/apiutil",
    "pkg/client/config",
    "pkg/client/fake",
    "pkg/controller",
    "pkg/event",
    "pkg/handler",
    "pkg/healthz",
    "pkg/internal/controller",
    "pkg/internal/controller/metrics",
    "pkg/internal/log",
    "pkg/internal/objectutil",
    "pkg/internal/recorder",
    "pkg/leaderelection",
    "pkg/log",
    "pkg/log/zap",
    "pkg/manager",
    "pkg/manager/signals",
    "pkg/metrics",
    "pkg/predicate",
    "pkg/reconcile",
    "pkg/recorder",
    "pkg/runtime/inject",
    "pkg/scheme",
    "pkg/source",
    "pkg/source/internal",
    "pkg/webhook",
    "pkg/webhook/admission",
    "pkg/webhook/internal/certwatcher",
    "pkg/webhook/internal/metrics",
  ]
  pruneopts = "NT"
  revision = "0fcf28efebc9a977c954f00d40af966d6a4aeae3"
  version = "v0.5.0"

[[projects]]
  digest = "1:5fdf0517a870044f13def5f9f2dc75eb8cfb88baf7862eaf9884a06152f9391b"
  name = "sigs.k8s.io/yaml"
  packages = ["."]
  pruneopts = "NT"
  revision = "9fc95527decd95bb9d28cc2eab08179b2d0f6971"
  version = "v1.2.0"

[solve-meta]
  analyzer-name = "dep"
  analyzer-version = 1
  input-imports = [
    "github.com/evanphx/json-patch",
    "github.com/fsnotify/fsnotify",
    "github.com/go-cmd/cmd",
    "github.com/go-logr/logr",
    "github.com/go-logr/zapr",
    "github.com/golang/protobuf/proto",
    "github.com/google/go-github/github",
    "github.com/google/shlex",
    "github.com/hashicorp/go-multierror",
    "github.com/joho/godotenv",
    "github.com/onsi/ginkgo",
    "github.com/onsi/ginkgo/reporters",
    "github.com/onsi/gomega",
    "github.com/onsi/gomega/format",
    "github.com/onsi/gomega/gexec",
    "github.com/onsi/gomega/types",
    "github.com/openshift/api/apps/v1",
    "github.com/openshift/api/template/v1",
    "github.com/operator-framework/operator-sdk/pkg/k8sutil",
    "github.com/operator-framework/operator-sdk/pkg/leader",
    "github.com/operator-framework/operator-sdk/pkg/metrics",
    "github.com/operator-framework/operator-sdk/pkg/predicate",
    "github.com/operator-framework/operator-sdk/version",
    "github.com/prometheus/client_golang/prometheus/promhttp",
    "github.com/sabhiram/go-gitignore",
    "github.com/spf13/afero",
    "github.com/spf13/cobra",
    "github.com/spf13/pflag",
    "github.com/spf13/viper",
    "go.uber.org/goleak",
    "go.uber.org/zap",
    "go.uber.org/zap/buffer",
    "go.uber.org/zap/zapcore",
    "golang.org/x/net/context",
    "google.golang.org/grpc",
    "google.golang.org/grpc/codes",
    "google.golang.org/grpc/metadata",
    "google.golang.org/grpc/status",
    "google.golang.org/protobuf/reflect/protoreflect",
    "google.golang.org/protobuf/runtime/protoimpl",
    "gopkg.in/h2non/gock.v1",
    "gopkg.in/yaml.v2",
    "istio.io/api/networking/v1alpha3",
    "istio.io/client-go/pkg/apis/networking/v1alpha3",
    "k8s.io/api/apps/v1",
    "k8s.io/api/core/v1",
    "k8s.io/api/rbac/v1",
    "k8s.io/apiextensions-apiserver/pkg/apis/apiextensions/v1beta1",
    "k8s.io/apimachinery/pkg/api/errors",
    "k8s.io/apimachinery/pkg/api/meta",
    "k8s.io/apimachinery/pkg/apis/meta/v1",
    "k8s.io/apimachinery/pkg/apis/meta/v1/unstructured",
    "k8s.io/apimachinery/pkg/labels",
    "k8s.io/apimachinery/pkg/runtime",
    "k8s.io/apimachinery/pkg/runtime/schema",
    "k8s.io/apimachinery/pkg/runtime/serializer",
    "k8s.io/apimachinery/pkg/types",
    "k8s.io/apimachinery/pkg/util/intstr",
    "k8s.io/apimachinery/pkg/util/runtime",
    "k8s.io/apimachinery/pkg/util/wait",
    "k8s.io/apimachinery/pkg/watch",
    "k8s.io/client-go/discovery",
    "k8s.io/client-go/discovery/fake",
    "k8s.io/client-go/dynamic",
    "k8s.io/client-go/kubernetes",
    "k8s.io/client-go/kubernetes/scheme",
    "k8s.io/client-go/rest",
    "k8s.io/client-go/restmapper",
    "k8s.io/client-go/testing",
    "k8s.io/client-go/tools/clientcmd",
    "k8s.io/client-go/util/flowcontrol",
    "k8s.io/code-generator/cmd/client-gen",
    "k8s.io/code-generator/cmd/conversion-gen",
    "k8s.io/code-generator/cmd/deepcopy-gen",
    "k8s.io/code-generator/cmd/defaulter-gen",
    "k8s.io/code-generator/cmd/informer-gen",
    "k8s.io/code-generator/cmd/lister-gen",
    "k8s.io/gengo/args",
    "sigs.k8s.io/controller-runtime/pkg/client",
    "sigs.k8s.io/controller-runtime/pkg/client/config",
    "sigs.k8s.io/controller-runtime/pkg/client/fake",
    "sigs.k8s.io/controller-runtime/pkg/controller",
    "sigs.k8s.io/controller-runtime/pkg/handler",
    "sigs.k8s.io/controller-runtime/pkg/log",
    "sigs.k8s.io/controller-runtime/pkg/log/zap",
    "sigs.k8s.io/controller-runtime/pkg/manager",
    "sigs.k8s.io/controller-runtime/pkg/manager/signals",
    "sigs.k8s.io/controller-runtime/pkg/reconcile",
    "sigs.k8s.io/controller-runtime/pkg/scheme",
    "sigs.k8s.io/controller-runtime/pkg/source",
    "sigs.k8s.io/yaml",
  ]
  solver-name = "gps-cdcl"
  solver-version = 1
